# THIS IS AN AUTOGENERATED FILE. DO NOT EDIT THIS FILE DIRECTLY.
# yarn lockfile v1


purecss-sass@^2.0.6:
  version "2.0.6"
  resolved "https://registry.yarnpkg.com/purecss-sass/-/purecss-sass-2.0.6.tgz#82c386d40521dc86e0c10ed0376c4514896bd4b7"
  integrity sha512-dPwU+nzpk2zTf05+YxCtrQ//VBDMs/M+DkSrvIY702nLx+LNQyP6klraaiBlRDOF4p3FElBW78YdfRapmOLE7A==
